
Microsoft Visual Studio Solution File, Format Version 12.00
# Visual Studio Version 17
VisualStudioVersion = 17.4.33110.190
MinimumVisualStudioVersion = 10.0.40219.1
Project("{FAE04EC0-301F-11D3-BF4B-00C04F79EFBC}") = "SteganographyForm", "SteganographyForm\SteganographyForm.csproj", "{83C74747-7FB0-4D14-A132-E48CA4413F92}"
EndProject
Global
	GlobalSection(SolutionConfigurationPlatforms) = preSolution
		Debug|Any CPU = Debug|Any CPU
		Release|Any CPU = Release|Any CPU
	EndGlobalSection
	GlobalSection(ProjectConfigurationPlatforms) = postSolution
		{83C74747-7FB0-4D14-A132-E48CA4413F92}.Debug|Any CPU.ActiveCfg = Debug|Any CPU
		{83C74747-7FB0-4D14-A132-E48CA4413F92}.Debug|Any CPU.Build.0 = Debug|Any CPU
		{83C74747-7FB0-4D14-A132-E48CA4413F92}.Release|Any CPU.ActiveCfg = Release|Any CPU
		{83C74747-7FB0-4D14-A132-E48CA4413F92}.Release|Any CPU.Build.0 = Release|Any CPU
	EndGlobalSection
	GlobalSection(SolutionProperties) = preSolution
		HideSolutionNode = FALSE
	EndGlobalSection
	GlobalSection(ExtensibilityGlobals) = postSolution
		SolutionGuid = {2ED00B83-4A1C-4BB7-BDD4-14D058C7C1A9}
	EndGlobalSection
EndGlobal
